
Microsoft Visual Studio Solution File, Format Version 12.00
# Visual Studio Version 16
VisualStudioVersion = 16.0.32802.440
MinimumVisualStudioVersion = 10.0.40219.1
Project("{FAE04EC0-301F-11D3-BF4B-00C04F79EFBC}") = "N8", "N8\N8.csproj", "{66F50F93-AA55-474D-B75B-CA3875883CAD}"
EndProject
Global
	GlobalSection(SolutionConfigurationPlatforms) = preSolution
		Debug|Any CPU = Debug|Any CPU
		Release|Any CPU = Release|Any CPU
	EndGlobalSection
	GlobalSection(ProjectConfigurationPlatforms) = postSolution
		{66F50F93-AA55-474D-B75B-CA3875883CAD}.Debug|Any CPU.ActiveCfg = Debug|Any CPU
		{66F50F93-AA55-474D-B75B-CA3875883CAD}.Debug|Any CPU.Build.0 = Debug|Any CPU
		{66F50F93-AA55-474D-B75B-CA3875883CAD}.Release|Any CPU.ActiveCfg = Release|Any CPU
		{66F50F93-AA55-474D-B75B-CA3875883CAD}.Release|Any CPU.Build.0 = Release|Any CPU
	EndGlobalSection
	GlobalSection(SolutionProperties) = preSolution
		HideSolutionNode = FALSE
	EndGlobalSection
	GlobalSection(ExtensibilityGlobals) = postSolution
		SolutionGuid = {1CF8EEDE-3F28-4A5A-9047-AD6615EEEEE2}
	EndGlobalSection
EndGlobal
