
Microsoft Visual Studio Solution File, Format Version 12.00
# Visual Studio Version 16
VisualStudioVersion = 16.0.32802.440
MinimumVisualStudioVersion = 10.0.40219.1
Project("{FAE04EC0-301F-11D3-BF4B-00C04F79EFBC}") = "n9", "n9\n9.csproj", "{D4AB646E-AE3F-4AA4-A842-1DE3A1F97E93}"
EndProject
Global
	GlobalSection(SolutionConfigurationPlatforms) = preSolution
		Debug|Any CPU = Debug|Any CPU
		Release|Any CPU = Release|Any CPU
	EndGlobalSection
	GlobalSection(ProjectConfigurationPlatforms) = postSolution
		{D4AB646E-AE3F-4AA4-A842-1DE3A1F97E93}.Debug|Any CPU.ActiveCfg = Debug|Any CPU
		{D4AB646E-AE3F-4AA4-A842-1DE3A1F97E93}.Debug|Any CPU.Build.0 = Debug|Any CPU
		{D4AB646E-AE3F-4AA4-A842-1DE3A1F97E93}.Release|Any CPU.ActiveCfg = Release|Any CPU
		{D4AB646E-AE3F-4AA4-A842-1DE3A1F97E93}.Release|Any CPU.Build.0 = Release|Any CPU
	EndGlobalSection
	GlobalSection(SolutionProperties) = preSolution
		HideSolutionNode = FALSE
	EndGlobalSection
	GlobalSection(ExtensibilityGlobals) = postSolution
		SolutionGuid = {39DAF1DF-A230-4701-AD3B-BC559DEC8D1B}
	EndGlobalSection
EndGlobal
